
Microsoft Visual Studio Solution File, Format Version 12.00
# Visual Studio Version 16
VisualStudioVersion = 16.0.29403.142
MinimumVisualStudioVersion = 10.0.40219.1
Project("{FAE04EC0-301F-11D3-BF4B-00C04F79EFBC}") = "EstructuraDeDatos", "EstructuraDeDatos\EstructuraDeDatos.csproj", "{A9C91B46-AB6B-4F32-B31F-2F7C4DEDCBB2}"
EndProject
Global
	GlobalSection(SolutionConfigurationPlatforms) = preSolution
		Debug|Any CPU = Debug|Any CPU
		Release|Any CPU = Release|Any CPU
	EndGlobalSection
	GlobalSection(ProjectConfigurationPlatforms) = postSolution
		{A9C91B46-AB6B-4F32-B31F-2F7C4DEDCBB2}.Debug|Any CPU.ActiveCfg = Debug|Any CPU
		{A9C91B46-AB6B-4F32-B31F-2F7C4DEDCBB2}.Debug|Any CPU.Build.0 = Debug|Any CPU
		{A9C91B46-AB6B-4F32-B31F-2F7C4DEDCBB2}.Release|Any CPU.ActiveCfg = Release|Any CPU
		{A9C91B46-AB6B-4F32-B31F-2F7C4DEDCBB2}.Release|Any CPU.Build.0 = Release|Any CPU
	EndGlobalSection
	GlobalSection(SolutionProperties) = preSolution
		HideSolutionNode = FALSE
	EndGlobalSection
	GlobalSection(ExtensibilityGlobals) = postSolution
		SolutionGuid = {7DBCBDAB-87D8-4418-A805-7CEF3CF018DF}
	EndGlobalSection
EndGlobal
